// !$*UTF8*$!
{
	archiveVersion = 1;
	classes = {
	};
	objectVersion = 56;
	objects = {

/* Begin PBXBuildFile section */
		FE9ACB432B3585FD00CE23C5 /* AppDelegate.swift in Sources */ = {isa = PBXBuildFile; fileRef = FE9ACB422B3585FD00CE23C5 /* AppDelegate.swift */; };
		FE9ACB452B3585FD00CE23C5 /* SceneDelegate.swift in Sources */ = {isa = PBXBuildFile; fileRef = FE9ACB442B3585FD00CE23C5 /* SceneDelegate.swift */; };
		FE9ACB4A2B3585FD00CE23C5 /* Main.storyboard in Resources */ = {isa = PBXBuildFile; fileRef = FE9ACB482B3585FD00CE23C5 /* Main.storyboard */; };
		FE9ACB4C2B3585FD00CE23C5 /* Assets.xcassets in Resources */ = {isa = PBXBuildFile; fileRef = FE9ACB4B2B3585FD00CE23C5 /* Assets.xcassets */; };
		FE9ACB4F2B3585FD00CE23C5 /* LaunchScreen.storyboard in Resources */ = {isa = PBXBuildFile; fileRef = FE9ACB4D2B3585FD00CE23C5 /* LaunchScreen.storyboard */; };
		FE9ACB572B35896500CE23C5 /* MusicHomeViewController.swift in Sources */ = {isa = PBXBuildFile; fileRef = FE9ACB562B35896500CE23C5 /* MusicHomeViewController.swift */; };
		FE9ACB592B35897E00CE23C5 /* MusicDetailViewController.swift in Sources */ = {isa = PBXBuildFile; fileRef = FE9ACB582B35897E00CE23C5 /* MusicDetailViewController.swift */; };
		FE9ACB5B2B358B6900CE23C5 /* MusicDataModel.swift in Sources */ = {isa = PBXBuildFile; fileRef = FE9ACB5A2B358B6900CE23C5 /* MusicDataModel.swift */; };
		FE9ACB5E2B358D1900CE23C5 /* MusicHomeTableCell.swift in Sources */ = {isa = PBXBuildFile; fileRef = FE9ACB5C2B358D1900CE23C5 /* MusicHomeTableCell.swift */; };
		FE9ACB5F2B358D1900CE23C5 /* MusicHomeTableCell.xib in Resources */ = {isa = PBXBuildFile; fileRef = FE9ACB5D2B358D1900CE23C5 /* MusicHomeTableCell.xib */; };
		FE9ACB642B358D5200CE23C5 /* MusicCollectionViewCell.swift in Sources */ = {isa = PBXBuildFile; fileRef = FE9ACB622B358D5200CE23C5 /* MusicCollectionViewCell.swift */; };
		FE9ACB652B358D5200CE23C5 /* MusicCollectionViewCell.xib in Resources */ = {isa = PBXBuildFile; fileRef = FE9ACB632B358D5200CE23C5 /* MusicCollectionViewCell.xib */; };
		FE9ACB672B358DA400CE23C5 /* MusicHomeViewModel.swift in Sources */ = {isa = PBXBuildFile; fileRef = FE9ACB662B358DA400CE23C5 /* MusicHomeViewModel.swift */; };
		FE9ACB6B2B35B8F300CE23C5 /* MusicDetailViewModel.swift in Sources */ = {isa = PBXBuildFile; fileRef = FE9ACB6A2B35B8F300CE23C5 /* MusicDetailViewModel.swift */; };
		FE9ACB6F2B35C24C00CE23C5 /* Constants.swift in Sources */ = {isa = PBXBuildFile; fileRef = FE9ACB6E2B35C24C00CE23C5 /* Constants.swift */; };
/* End PBXBuildFile section */

/* Begin PBXFileReference section */
		FE9ACB3F2B3585FD00CE23C5 /* MusicAPPDemo.app */ = {isa = PBXFileReference; explicitFileType = wrapper.application; includeInIndex = 0; path = MusicAPPDemo.app; sourceTree = BUILT_PRODUCTS_DIR; };
		FE9ACB422B3585FD00CE23C5 /* AppDelegate.swift */ = {isa = PBXFileReference; lastKnownFileType = sourcecode.swift; path = AppDelegate.swift; sourceTree = "<group>"; };
		FE9ACB442B3585FD00CE23C5 /* SceneDelegate.swift */ = {isa = PBXFileReference; lastKnownFileType = sourcecode.swift; path = SceneDelegate.swift; sourceTree = "<group>"; };
		FE9ACB492B3585FD00CE23C5 /* Base */ = {isa = PBXFileReference; lastKnownFileType = file.storyboard; name = Base; path = Base.lproj/Main.storyboard; sourceTree = "<group>"; };
		FE9ACB4B2B3585FD00CE23C5 /* Assets.xcassets */ = {isa = PBXFileReference; lastKnownFileType = folder.assetcatalog; path = Assets.xcassets; sourceTree = "<group>"; };
		FE9ACB4E2B3585FD00CE23C5 /* Base */ = {isa = PBXFileReference; lastKnownFileType = file.storyboard; name = Base; path = Base.lproj/LaunchScreen.storyboard; sourceTree = "<group>"; };
		FE9ACB502B3585FD00CE23C5 /* Info.plist */ = {isa = PBXFileReference; lastKnownFileType = text.plist.xml; path = Info.plist; sourceTree = "<group>"; };
		FE9ACB562B35896500CE23C5 /* MusicHomeViewController.swift */ = {isa = PBXFileReference; lastKnownFileType = sourcecode.swift; path = MusicHomeViewController.swift; sourceTree = "<group>"; };
		FE9ACB582B35897E00CE23C5 /* MusicDetailViewController.swift */ = {isa = PBXFileReference; lastKnownFileType = sourcecode.swift; path = MusicDetailViewController.swift; sourceTree = "<group>"; };
		FE9ACB5A2B358B6900CE23C5 /* MusicDataModel.swift */ = {isa = PBXFileReference; lastKnownFileType = sourcecode.swift; path = MusicDataModel.swift; sourceTree = "<group>"; };
		FE9ACB5C2B358D1900CE23C5 /* MusicHomeTableCell.swift */ = {isa = PBXFileReference; lastKnownFileType = sourcecode.swift; path = MusicHomeTableCell.swift; sourceTree = "<group>"; };
		FE9ACB5D2B358D1900CE23C5 /* MusicHomeTableCell.xib */ = {isa = PBXFileReference; lastKnownFileType = file.xib; path = MusicHomeTableCell.xib; sourceTree = "<group>"; };
		FE9ACB622B358D5200CE23C5 /* MusicCollectionViewCell.swift */ = {isa = PBXFileReference; lastKnownFileType = sourcecode.swift; path = MusicCollectionViewCell.swift; sourceTree = "<group>"; };
		FE9ACB632B358D5200CE23C5 /* MusicCollectionViewCell.xib */ = {isa = PBXFileReference; lastKnownFileType = file.xib; path = MusicCollectionViewCell.xib; sourceTree = "<group>"; };
		FE9ACB662B358DA400CE23C5 /* MusicHomeViewModel.swift */ = {isa = PBXFileReference; lastKnownFileType = sourcecode.swift; path = MusicHomeViewModel.swift; sourceTree = "<group>"; };
		FE9ACB6A2B35B8F300CE23C5 /* MusicDetailViewModel.swift */ = {isa = PBXFileReference; lastKnownFileType = sourcecode.swift; path = MusicDetailViewModel.swift; sourceTree = "<group>"; };
		FE9ACB6E2B35C24C00CE23C5 /* Constants.swift */ = {isa = PBXFileReference; lastKnownFileType = sourcecode.swift; path = Constants.swift; sourceTree = "<group>"; };
/* End PBXFileReference section */

/* Begin PBXFrameworksBuildPhase section */
		FE9ACB3C2B3585FD00CE23C5 /* Frameworks */ = {
			isa = PBXFrameworksBuildPhase;
			buildActionMask = 2147483647;
			files = (
			);
			runOnlyForDeploymentPostprocessing = 0;
		};
/* End PBXFrameworksBuildPhase section */

/* Begin PBXGroup section */
		FE9ACB362B3585FD00CE23C5 = {
			isa = PBXGroup;
			children = (
				FE9ACB412B3585FD00CE23C5 /* MusicAPPDemo */,
				FE9ACB402B3585FD00CE23C5 /* Products */,
			);
			sourceTree = "<group>";
		};
		FE9ACB402B3585FD00CE23C5 /* Products */ = {
			isa = PBXGroup;
			children = (
				FE9ACB3F2B3585FD00CE23C5 /* MusicAPPDemo.app */,
			);
			name = Products;
			sourceTree = "<group>";
		};
		FE9ACB412B3585FD00CE23C5 /* MusicAPPDemo */ = {
			isa = PBXGroup;
			children = (
				FEEDDA982B3675780096896E /* APP + Scene Delegates */,
				FEEDDA992B36758B0096896E /* Style */,
				FEEDDA952B36750A0096896E /* Constants + UIColor */,
				FEEDDA972B3675670096896E /* StoryBoards */,
				FE9ACB702B35C2E500CE23C5 /* ModelClasses */,
				FEEDDA962B3675300096896E /* Views */,
				FE9ACB692B3593D400CE23C5 /* TableCells */,
				FE9ACB6D2B35B93300CE23C5 /* CollectionViewCells */,
				FE9ACB502B3585FD00CE23C5 /* Info.plist */,
			);
			path = MusicAPPDemo;
			sourceTree = "<group>";
		};
		FE9ACB682B358DB900CE23C5 /* Home Screen */ = {
			isa = PBXGroup;
			children = (
				FE9ACB562B35896500CE23C5 /* MusicHomeViewController.swift */,
				FE9ACB662B358DA400CE23C5 /* MusicHomeViewModel.swift */,
			);
			path = "Home Screen";
			sourceTree = "<group>";
		};
		FE9ACB692B3593D400CE23C5 /* TableCells */ = {
			isa = PBXGroup;
			children = (
				FE9ACB5C2B358D1900CE23C5 /* MusicHomeTableCell.swift */,
				FE9ACB5D2B358D1900CE23C5 /* MusicHomeTableCell.xib */,
			);
			path = TableCells;
			sourceTree = "<group>";
		};
		FE9ACB6C2B35B92200CE23C5 /* MusicDetail */ = {
			isa = PBXGroup;
			children = (
				FE9ACB582B35897E00CE23C5 /* MusicDetailViewController.swift */,
				FE9ACB6A2B35B8F300CE23C5 /* MusicDetailViewModel.swift */,
			);
			path = MusicDetail;
			sourceTree = "<group>";
		};
		FE9ACB6D2B35B93300CE23C5 /* CollectionViewCells */ = {
			isa = PBXGroup;
			children = (
				FE9ACB622B358D5200CE23C5 /* MusicCollectionViewCell.swift */,
				FE9ACB632B358D5200CE23C5 /* MusicCollectionViewCell.xib */,
			);
			path = CollectionViewCells;
			sourceTree = "<group>";
		};
		FE9ACB702B35C2E500CE23C5 /* ModelClasses */ = {
			isa = PBXGroup;
			children = (
				FE9ACB5A2B358B6900CE23C5 /* MusicDataModel.swift */,
			);
			path = ModelClasses;
			sourceTree = "<group>";
		};
		FEEDDA952B36750A0096896E /* Constants + UIColor */ = {
			isa = PBXGroup;
			children = (
				FE9ACB6E2B35C24C00CE23C5 /* Constants.swift */,
			);
			path = "Constants + UIColor";
			sourceTree = "<group>";
		};
		FEEDDA962B3675300096896E /* Views */ = {
			isa = PBXGroup;
			children = (
				FE9ACB682B358DB900CE23C5 /* Home Screen */,
				FE9ACB6C2B35B92200CE23C5 /* MusicDetail */,
			);
			path = Views;
			sourceTree = "<group>";
		};
		FEEDDA972B3675670096896E /* StoryBoards */ = {
			isa = PBXGroup;
			children = (
				FE9ACB482B3585FD00CE23C5 /* Main.storyboard */,
			);
			path = StoryBoards;
			sourceTree = "<group>";
		};
		FEEDDA982B3675780096896E /* APP + Scene Delegates */ = {
			isa = PBXGroup;
			children = (
				FE9ACB422B3585FD00CE23C5 /* AppDelegate.swift */,
				FE9ACB442B3585FD00CE23C5 /* SceneDelegate.swift */,
			);
			path = "APP + Scene Delegates";
			sourceTree = "<group>";
		};
		FEEDDA992B36758B0096896E /* Style */ = {
			isa = PBXGroup;
			children = (
				FE9ACB4B2B3585FD00CE23C5 /* Assets.xcassets */,
				FE9ACB4D2B3585FD00CE23C5 /* LaunchScreen.storyboard */,
			);
			path = Style;
			sourceTree = "<group>";
		};
/* End PBXGroup section */

/* Begin PBXNativeTarget section */
		FE9ACB3E2B3585FD00CE23C5 /* MusicAPPDemo */ = {
			isa = PBXNativeTarget;
			buildConfigurationList = FE9ACB532B3585FD00CE23C5 /* Build configuration list for PBXNativeTarget "MusicAPPDemo" */;
			buildPhases = (
				FE9ACB3B2B3585FD00CE23C5 /* Sources */,
				FE9ACB3C2B3585FD00CE23C5 /* Frameworks */,
				FE9ACB3D2B3585FD00CE23C5 /* Resources */,
			);
			buildRules = (
			);
			dependencies = (
			);
			name = MusicAPPDemo;
			productName = MusicAPPDemo;
			productReference = FE9ACB3F2B3585FD00CE23C5 /* MusicAPPDemo.app */;
			productType = "com.apple.product-type.application";
		};
/* End PBXNativeTarget section */

/* Begin PBXProject section */
		FE9ACB372B3585FD00CE23C5 /* Project object */ = {
			isa = PBXProject;
			attributes = {
				BuildIndependentTargetsInParallel = 1;
				LastSwiftUpdateCheck = 1510;
				LastUpgradeCheck = 1510;
				TargetAttributes = {
					FE9ACB3E2B3585FD00CE23C5 = {
						CreatedOnToolsVersion = 15.1;
					};
				};
			};
			buildConfigurationList = FE9ACB3A2B3585FD00CE23C5 /* Build configuration list for PBXProject "MusicAPPDemo" */;
			compatibilityVersion = "Xcode 14.0";
			developmentRegion = en;
			hasScannedForEncodings = 0;
			knownRegions = (
				en,
				Base,
			);
			mainGroup = FE9ACB362B3585FD00CE23C5;
			productRefGroup = FE9ACB402B3585FD00CE23C5 /* Products */;
			projectDirPath = "";
			projectRoot = "";
			targets = (
				FE9ACB3E2B3585FD00CE23C5 /* MusicAPPDemo */,
			);
		};
/* End PBXProject section */

/* Begin PBXResourcesBuildPhase section */
		FE9ACB3D2B3585FD00CE23C5 /* Resources */ = {
			isa = PBXResourcesBuildPhase;
			buildActionMask = 2147483647;
			files = (
				FE9ACB4F2B3585FD00CE23C5 /* LaunchScreen.storyboard in Resources */,
				FE9ACB5F2B358D1900CE23C5 /* MusicHomeTableCell.xib in Resources */,
				FE9ACB4C2B3585FD00CE23C5 /* Assets.xcassets in Resources */,
				FE9ACB652B358D5200CE23C5 /* MusicCollectionViewCell.xib in Resources */,
				FE9ACB4A2B3585FD00CE23C5 /* Main.storyboard in Resources */,
			);
			runOnlyForDeploymentPostprocessing = 0;
		};
/* End PBXResourcesBuildPhase section */

/* Begin PBXSourcesBuildPhase section */
		FE9ACB3B2B3585FD00CE23C5 /* Sources */ = {
			isa = PBXSourcesBuildPhase;
			buildActionMask = 2147483647;
			files = (
				FE9ACB6B2B35B8F300CE23C5 /* MusicDetailViewModel.swift in Sources */,
				FE9ACB432B3585FD00CE23C5 /* AppDelegate.swift in Sources */,
				FE9ACB672B358DA400CE23C5 /* MusicHomeViewModel.swift in Sources */,
				FE9ACB5E2B358D1900CE23C5 /* MusicHomeTableCell.swift in Sources */,
				FE9ACB5B2B358B6900CE23C5 /* MusicDataModel.swift in Sources */,
				FE9ACB6F2B35C24C00CE23C5 /* Constants.swift in Sources */,
				FE9ACB592B35897E00CE23C5 /* MusicDetailViewController.swift in Sources */,
				FE9ACB642B358D5200CE23C5 /* MusicCollectionViewCell.swift in Sources */,
				FE9ACB572B35896500CE23C5 /* MusicHomeViewController.swift in Sources */,
				FE9ACB452B3585FD00CE23C5 /* SceneDelegate.swift in Sources */,
			);
			runOnlyForDeploymentPostprocessing = 0;
		};
/* End PBXSourcesBuildPhase section */

/* Begin PBXVariantGroup section */
		FE9ACB482B3585FD00CE23C5 /* Main.storyboard */ = {
			isa = PBXVariantGroup;
			children = (
				FE9ACB492B3585FD00CE23C5 /* Base */,
			);
			name = Main.storyboard;
			sourceTree = "<group>";
		};
		FE9ACB4D2B3585FD00CE23C5 /* LaunchScreen.storyboard */ = {
			isa = PBXVariantGroup;
			children = (
				FE9ACB4E2B3585FD00CE23C5 /* Base */,
			);
			name = LaunchScreen.storyboard;
			sourceTree = "<group>";
		};
/* End PBXVariantGroup section */

/* Begin XCBuildConfiguration section */
		FE9ACB512B3585FD00CE23C5 /* Debug */ = {
			isa = XCBuildConfiguration;
			buildSettings = {
				ALWAYS_SEARCH_USER_PATHS = NO;
				ASSETCATALOG_COMPILER_GENERATE_SWIFT_ASSET_SYMBOL_EXTENSIONS = YES;
				CLANG_ANALYZER_NONNULL = YES;
				CLANG_ANALYZER_NUMBER_OBJECT_CONVERSION = YES_AGGRESSIVE;
				CLANG_CXX_LANGUAGE_STANDARD = "gnu++20";
				CLANG_ENABLE_MODULES = YES;
				CLANG_ENABLE_OBJC_ARC = YES;
				CLANG_ENABLE_OBJC_WEAK = YES;
				CLANG_WARN_BLOCK_CAPTURE_AUTORELEASING = YES;
				CLANG_WARN_BOOL_CONVERSION = YES;
				CLANG_WARN_COMMA = YES;
				CLANG_WARN_CONSTANT_CONVERSION = YES;
				CLANG_WARN_DEPRECATED_OBJC_IMPLEMENTATIONS = YES;
				CLANG_WARN_DIRECT_OBJC_ISA_USAGE = YES_ERROR;
				CLANG_WARN_DOCUMENTATION_COMMENTS = YES;
				CLANG_WARN_EMPTY_BODY = YES;
				CLANG_WARN_ENUM_CONVERSION = YES;
				CLANG_WARN_INFINITE_RECURSION = YES;
				CLANG_WARN_INT_CONVERSION = YES;
				CLANG_WARN_NON_LITERAL_NULL_CONVERSION = YES;
				CLANG_WARN_OBJC_IMPLICIT_RETAIN_SELF = YES;
				CLANG_WARN_OBJC_LITERAL_CONVERSION = YES;
				CLANG_WARN_OBJC_ROOT_CLASS = YES_ERROR;
				CLANG_WARN_QUOTED_INCLUDE_IN_FRAMEWORK_HEADER = YES;
				CLANG_WARN_RANGE_LOOP_ANALYSIS = YES;
				CLANG_WARN_STRICT_PROTOTYPES = YES;
				CLANG_WARN_SUSPICIOUS_MOVE = YES;
				CLANG_WARN_UNGUARDED_AVAILABILITY = YES_AGGRESSIVE;
				CLANG_WARN_UNREACHABLE_CODE = YES;
				CLANG_WARN__DUPLICATE_METHOD_MATCH = YES;
				COPY_PHASE_STRIP = NO;
				DEBUG_INFORMATION_FORMAT = dwarf;
				ENABLE_STRICT_OBJC_MSGSEND = YES;
				ENABLE_TESTABILITY = YES;
				ENABLE_USER_SCRIPT_SANDBOXING = YES;
				GCC_C_LANGUAGE_STANDARD = gnu17;
				GCC_DYNAMIC_NO_PIC = NO;
				GCC_NO_COMMON_BLOCKS = YES;
				GCC_OPTIMIZATION_LEVEL = 0;
				GCC_PREPROCESSOR_DEFINITIONS = (
					"DEBUG=1",
					"$(inherited)",
				);
				GCC_WARN_64_TO_32_BIT_CONVERSION = YES;
				GCC_WARN_ABOUT_RETURN_TYPE = YES_ERROR;
				GCC_WARN_UNDECLARED_SELECTOR = YES;
				GCC_WARN_UNINITIALIZED_AUTOS = YES_AGGRESSIVE;
				GCC_WARN_UNUSED_FUNCTION = YES;
				GCC_WARN_UNUSED_VARIABLE = YES;
				IPHONEOS_DEPLOYMENT_TARGET = 17.2;
				LOCALIZATION_PREFERS_STRING_CATALOGS = YES;
				MTL_ENABLE_DEBUG_INFO = INCLUDE_SOURCE;
				MTL_FAST_MATH = YES;
				ONLY_ACTIVE_ARCH = YES;
				SDKROOT = iphoneos;
				SWIFT_ACTIVE_COMPILATION_CONDITIONS = "DEBUG $(inherited)";
				SWIFT_OPTIMIZATION_LEVEL = "-Onone";
			};
			name = Debug;
		};
		FE9ACB522B3585FD00CE23C5 /* Release */ = {
			isa = XCBuildConfiguration;
			buildSettings = {
				ALWAYS_SEARCH_USER_PATHS = NO;
				ASSETCATALOG_COMPILER_GENERATE_SWIFT_ASSET_SYMBOL_EXTENSIONS = YES;
				CLANG_ANALYZER_NONNULL = YES;
				CLANG_ANALYZER_NUMBER_OBJECT_CONVERSION = YES_AGGRESSIVE;
				CLANG_CXX_LANGUAGE_STANDARD = "gnu++20";
				CLANG_ENABLE_MODULES = YES;
				CLANG_ENABLE_OBJC_ARC = YES;
				CLANG_ENABLE_OBJC_WEAK = YES;
				CLANG_WARN_BLOCK_CAPTURE_AUTORELEASING = YES;
				CLANG_WARN_BOOL_CONVERSION = YES;
				CLANG_WARN_COMMA = YES;
				CLANG_WARN_CONSTANT_CONVERSION = YES;
				CLANG_WARN_DEPRECATED_OBJC_IMPLEMENTATIONS = YES;
				CLANG_WARN_DIRECT_OBJC_ISA_USAGE = YES_ERROR;
				CLANG_WARN_DOCUMENTATION_COMMENTS = YES;
				CLANG_WARN_EMPTY_BODY = YES;
				CLANG_WARN_ENUM_CONVERSION = YES;
				CLANG_WARN_INFINITE_RECURSION = YES;
				CLANG_WARN_INT_CONVERSION = YES;
				CLANG_WARN_NON_LITERAL_NULL_CONVERSION = YES;
				CLANG_WARN_OBJC_IMPLICIT_RETAIN_SELF = YES;
				CLANG_WARN_OBJC_LITERAL_CONVERSION = YES;
				CLANG_WARN_OBJC_ROOT_CLASS = YES_ERROR;
				CLANG_WARN_QUOTED_INCLUDE_IN_FRAMEWORK_HEADER = YES;
				CLANG_WARN_RANGE_LOOP_ANALYSIS = YES;
				CLANG_WARN_STRICT_PROTOTYPES = YES;
				CLANG_WARN_SUSPICIOUS_MOVE = YES;
				CLANG_WARN_UNGUARDED_AVAILABILITY = YES_AGGRESSIVE;
				CLANG_WARN_UNREACHABLE_CODE = YES;
				CLANG_WARN__DUPLICATE_METHOD_MATCH = YES;
				COPY_PHASE_STRIP = NO;
				DEBUG_INFORMATION_FORMAT = "dwarf-with-dsym";
				ENABLE_NS_ASSERTIONS = NO;
				ENABLE_STRICT_OBJC_MSGSEND = YES;
				ENABLE_USER_SCRIPT_SANDBOXING = YES;
				GCC_C_LANGUAGE_STANDARD = gnu17;
				GCC_NO_COMMON_BLOCKS = YES;
				GCC_WARN_64_TO_32_BIT_CONVERSION = YES;
				GCC_WARN_ABOUT_RETURN_TYPE = YES_ERROR;
				GCC_WARN_UNDECLARED_SELECTOR = YES;
				GCC_WARN_UNINITIALIZED_AUTOS = YES_AGGRESSIVE;
				GCC_WARN_UNUSED_FUNCTION = YES;
				GCC_WARN_UNUSED_VARIABLE = YES;
				IPHONEOS_DEPLOYMENT_TARGET = 17.2;
				LOCALIZATION_PREFERS_STRING_CATALOGS = YES;
				MTL_ENABLE_DEBUG_INFO = NO;
				MTL_FAST_MATH = YES;
				SDKROOT = iphoneos;
				SWIFT_COMPILATION_MODE = wholemodule;
				VALIDATE_PRODUCT = YES;
			};
			name = Release;
		};
		FE9ACB542B3585FD00CE23C5 /* Debug */ = {
			isa = XCBuildConfiguration;
			buildSettings = {
				ASSETCATALOG_COMPILER_APPICON_NAME = AppIcon;
				ASSETCATALOG_COMPILER_GLOBAL_ACCENT_COLOR_NAME = AccentColor;
				CODE_SIGN_STYLE = Automatic;
				CURRENT_PROJECT_VERSION = 1;
				DEVELOPMENT_TEAM = 467J6N72WG;
				GENERATE_INFOPLIST_FILE = YES;
				INFOPLIST_FILE = MusicAPPDemo/Info.plist;
				INFOPLIST_KEY_UIApplicationSupportsIndirectInputEvents = YES;
				INFOPLIST_KEY_UILaunchStoryboardName = LaunchScreen;
				INFOPLIST_KEY_UIMainStoryboardFile = Main;
				INFOPLIST_KEY_UISupportedInterfaceOrientations_iPad = "UIInterfaceOrientationPortrait UIInterfaceOrientationPortraitUpsideDown UIInterfaceOrientationLandscapeLeft UIInterfaceOrientationLandscapeRight";
				INFOPLIST_KEY_UISupportedInterfaceOrientations_iPhone = "UIInterfaceOrientationPortrait UIInterfaceOrientationLandscapeLeft UIInterfaceOrientationLandscapeRight";
				LD_RUNPATH_SEARCH_PATHS = (
					"$(inherited)",
					"@executable_path/Frameworks",
				);
				MARKETING_VERSION = 1.0;
				PRODUCT_BUNDLE_IDENTIFIER = com.mahesh.MusicAPPDemo;
				PRODUCT_NAME = "$(TARGET_NAME)";
				SWIFT_EMIT_LOC_STRINGS = YES;
				SWIFT_VERSION = 5.0;
				TARGETED_DEVICE_FAMILY = "1,2";
			};
			name = Debug;
		};
		FE9ACB552B3585FD00CE23C5 /* Release */ = {
			isa = XCBuildConfiguration;
			buildSettings = {
				ASSETCATALOG_COMPILER_APPICON_NAME = AppIcon;
				ASSETCATALOG_COMPILER_GLOBAL_ACCENT_COLOR_NAME = AccentColor;
				CODE_SIGN_STYLE = Automatic;
				CURRENT_PROJECT_VERSION = 1;
				DEVELOPMENT_TEAM = 467J6N72WG;
				GENERATE_INFOPLIST_FILE = YES;
				INFOPLIST_FILE = MusicAPPDemo/Info.plist;
				INFOPLIST_KEY_UIApplicationSupportsIndirectInputEvents = YES;
				INFOPLIST_KEY_UILaunchStoryboardName = LaunchScreen;
				INFOPLIST_KEY_UIMainStoryboardFile = Main;
				INFOPLIST_KEY_UISupportedInterfaceOrientations_iPad = "UIInterfaceOrientationPortrait UIInterfaceOrientationPortraitUpsideDown UIInterfaceOrientationLandscapeLeft UIInterfaceOrientationLandscapeRight";
				INFOPLIST_KEY_UISupportedInterfaceOrientations_iPhone = "UIInterfaceOrientationPortrait UIInterfaceOrientationLandscapeLeft UIInterfaceOrientationLandscapeRight";
				LD_RUNPATH_SEARCH_PATHS = (
					"$(inherited)",
					"@executable_path/Frameworks",
				);
				MARKETING_VERSION = 1.0;
				PRODUCT_BUNDLE_IDENTIFIER = com.mahesh.MusicAPPDemo;
				PRODUCT_NAME = "$(TARGET_NAME)";
				SWIFT_EMIT_LOC_STRINGS = YES;
				SWIFT_VERSION = 5.0;
				TARGETED_DEVICE_FAMILY = "1,2";
			};
			name = Release;
		};
/* End XCBuildConfiguration section */

/* Begin XCConfigurationList section */
		FE9ACB3A2B3585FD00CE23C5 /* Build configuration list for PBXProject "MusicAPPDemo" */ = {
			isa = XCConfigurationList;
			buildConfigurations = (
				FE9ACB512B3585FD00CE23C5 /* Debug */,
				FE9ACB522B3585FD00CE23C5 /* Release */,
			);
			defaultConfigurationIsVisible = 0;
			defaultConfigurationName = Release;
		};
		FE9ACB532B3585FD00CE23C5 /* Build configuration list for PBXNativeTarget "MusicAPPDemo" */ = {
			isa = XCConfigurationList;
			buildConfigurations = (
				FE9ACB542B3585FD00CE23C5 /* Debug */,
				FE9ACB552B3585FD00CE23C5 /* Release */,
			);
			defaultConfigurationIsVisible = 0;
			defaultConfigurationName = Release;
		};
/* End XCConfigurationList section */
	};
	rootObject = FE9ACB372B3585FD00CE23C5 /* Project object */;
}
